{
  "name": "resources",
  "version": "1.0.0",
  "lockfileVersion": 2,
  "requires": true,
  "packages": {
    "": {
      "version": "1.0.0",
      "license": "ISC",
      "dependencies": {
        "singualritynet-airdrop-contracts": "../external_packages/singularitynet-airdrop-contracts/"
      }
    },
    "../external_packages/singularitynet-airdrop-contracts": {},
    "node_modules/singualritynet-airdrop-contracts": {
      "resolved": "../external_packages/singularitynet-airdrop-contracts",
      "link": true
    }
  },
  "dependencies": {
    "singualritynet-airdrop-contracts": {
      "version": "file:../external_packages/singularitynet-airdrop-contracts"
    }
  }
}
